// !$*UTF8*$!
{
	archiveVersion = 1;
	classes = {
	};
	objectVersion = 46;
	objects = {

/* Begin PBXBuildFile section */
		0091D8F90E81B9330029341E /* OpenGL.framework in Frameworks */ = {isa = PBXBuildFile; fileRef = 0091D8F80E81B9330029341E /* OpenGL.framework */; };
		00B784B30FF439BC000DE1D7 /* Accelerate.framework in Frameworks */ = {isa = PBXBuildFile; fileRef = 00B784AF0FF439BC000DE1D7 /* Accelerate.framework */; };
		00B784B40FF439BC000DE1D7 /* AudioToolbox.framework in Frameworks */ = {isa = PBXBuildFile; fileRef = 00B784B00FF439BC000DE1D7 /* AudioToolbox.framework */; };
		00B784B50FF439BC000DE1D7 /* AudioUnit.framework in Frameworks */ = {isa = PBXBuildFile; fileRef = 00B784B10FF439BC000DE1D7 /* AudioUnit.framework */; };
		00B784B60FF439BC000DE1D7 /* CoreAudio.framework in Frameworks */ = {isa = PBXBuildFile; fileRef = 00B784B20FF439BC000DE1D7 /* CoreAudio.framework */; };
		26EB9E01E9674842A831CDF6 /* OscMessage.cpp in Sources */ = {isa = PBXBuildFile; fileRef = 7E0379F9633446C69C01FF1C /* OscMessage.cpp */; };
		3A0CFBDA084A4EAE825F89EB /* CinderApp.icns in Resources */ = {isa = PBXBuildFile; fileRef = DE76507E4CD743C4A02FD645 /* CinderApp.icns */; };
		3AA7CEE0A7994DACA362086E /* NetworkingUtils.cpp in Sources */ = {isa = PBXBuildFile; fileRef = 3F110209129244BFBE8C8A6E /* NetworkingUtils.cpp */; };
		5323E6B20EAFCA74003A9687 /* CoreVideo.framework in Frameworks */ = {isa = PBXBuildFile; fileRef = 5323E6B10EAFCA74003A9687 /* CoreVideo.framework */; };
		5323E6B60EAFCA7E003A9687 /* QTKit.framework in Frameworks */ = {isa = PBXBuildFile; fileRef = 5323E6B50EAFCA7E003A9687 /* QTKit.framework */; };
		5827D12B1EB044EDA3C3DB5F /* IpEndpointName.cpp in Sources */ = {isa = PBXBuildFile; fileRef = D6E7BFEFCE08466EB04F88A0 /* IpEndpointName.cpp */; };
		59139A89892B4B6E9E2FFD9D /* TuioClient.cpp in Sources */ = {isa = PBXBuildFile; fileRef = 722729B2F5324EFAB0BDD33C /* TuioClient.cpp */; };
		60B85E06229B4B4AAF8844A2 /* OscOutboundPacketStream.cpp in Sources */ = {isa = PBXBuildFile; fileRef = D88FD1AFF09D43F3B27B3691 /* OscOutboundPacketStream.cpp */; };
		7B37DDAC4E2E468F99A87073 /* OscListener.cpp in Sources */ = {isa = PBXBuildFile; fileRef = F4BA76E779E042AB85E93A93 /* OscListener.cpp */; };
		81821072EBC446449EA1C0B8 /* UdpSocket.cpp in Sources */ = {isa = PBXBuildFile; fileRef = 01E004F3808B41CE98864D4D /* UdpSocket.cpp */; };
		8D11072F0486CEB800E47090 /* Cocoa.framework in Frameworks */ = {isa = PBXBuildFile; fileRef = 1058C7A1FEA54F0111CA2CBB /* Cocoa.framework */; };
		A15A254CD5C14D8990958BFB /* OscBundle.cpp in Sources */ = {isa = PBXBuildFile; fileRef = 6B04052C84A54727956C4F26 /* OscBundle.cpp */; };
		A32F18B419E55BBF009AD37F /* Trace.cpp in Sources */ = {isa = PBXBuildFile; fileRef = A32F18B319E55BBF009AD37F /* Trace.cpp */; };
		A32F18B719E58567009AD37F /* PlayerWidget.cpp in Sources */ = {isa = PBXBuildFile; fileRef = A32F18B619E58567009AD37F /* PlayerWidget.cpp */; };
		A32F18BA19E5878F009AD37F /* Widget.cpp in Sources */ = {isa = PBXBuildFile; fileRef = A32F18B919E5878F009AD37F /* Widget.cpp */; };
		B28B79173ABE4811936A996C /* OscReceivedElements.cpp in Sources */ = {isa = PBXBuildFile; fileRef = 99BF13A11DD0423A8EB3B705 /* OscReceivedElements.cpp */; };
		C014D1DA10FC45E2B427F9FC /* OscPrintReceivedElements.cpp in Sources */ = {isa = PBXBuildFile; fileRef = 4364272BEA874B60A9E34DA7 /* OscPrintReceivedElements.cpp */; };
		D1A9396508F34860A1EFC33C /* OscSender.cpp in Sources */ = {isa = PBXBuildFile; fileRef = 02F0F242B6904E4EBC9B91FC /* OscSender.cpp */; };
		DA2049EBCAC44B1F93DEE30E /* SimilarToolApp.cpp in Sources */ = {isa = PBXBuildFile; fileRef = 7F3B51198B624CEE890E948F /* SimilarToolApp.cpp */; };
		DB5290AFB94C4F159E5AE849 /* OscTypes.cpp in Sources */ = {isa = PBXBuildFile; fileRef = 4537D4FF042A4F389CDC69BE /* OscTypes.cpp */; };
/* End PBXBuildFile section */

/* Begin PBXFileReference section */
		0091D8F80E81B9330029341E /* OpenGL.framework */ = {isa = PBXFileReference; lastKnownFileType = wrapper.framework; name = OpenGL.framework; path = /System/Library/Frameworks/OpenGL.framework; sourceTree = "<absolute>"; };
		00B784AF0FF439BC000DE1D7 /* Accelerate.framework */ = {isa = PBXFileReference; lastKnownFileType = wrapper.framework; name = Accelerate.framework; path = System/Library/Frameworks/Accelerate.framework; sourceTree = SDKROOT; };
		00B784B00FF439BC000DE1D7 /* AudioToolbox.framework */ = {isa = PBXFileReference; lastKnownFileType = wrapper.framework; name = AudioToolbox.framework; path = System/Library/Frameworks/AudioToolbox.framework; sourceTree = SDKROOT; };
		00B784B10FF439BC000DE1D7 /* AudioUnit.framework */ = {isa = PBXFileReference; lastKnownFileType = wrapper.framework; name = AudioUnit.framework; path = System/Library/Frameworks/AudioUnit.framework; sourceTree = SDKROOT; };
		00B784B20FF439BC000DE1D7 /* CoreAudio.framework */ = {isa = PBXFileReference; lastKnownFileType = wrapper.framework; name = CoreAudio.framework; path = System/Library/Frameworks/CoreAudio.framework; sourceTree = SDKROOT; };
		01E004F3808B41CE98864D4D /* UdpSocket.cpp */ = {isa = PBXFileReference; lastKnownFileType = sourcecode.c.cpp; name = UdpSocket.cpp; path = ../../cinder_0.8.6_mac/blocks/OSC/src/ip/posix/UdpSocket.cpp; sourceTree = "<group>"; };
		02F0F242B6904E4EBC9B91FC /* OscSender.cpp */ = {isa = PBXFileReference; lastKnownFileType = sourcecode.c.cpp; name = OscSender.cpp; path = ../../cinder_0.8.6_mac/blocks/OSC/src/OscSender.cpp; sourceTree = "<group>"; };
		0FDEEA7960464D0F98CC5309 /* OscOutboundPacketStream.h */ = {isa = PBXFileReference; lastKnownFileType = sourcecode.c.h; name = OscOutboundPacketStream.h; path = ../../cinder_0.8.6_mac/blocks/OSC/src/osc/OscOutboundPacketStream.h; sourceTree = "<group>"; };
		1058C7A1FEA54F0111CA2CBB /* Cocoa.framework */ = {isa = PBXFileReference; lastKnownFileType = wrapper.framework; name = Cocoa.framework; path = /System/Library/Frameworks/Cocoa.framework; sourceTree = "<absolute>"; };
		22A41E30D62843CD9C12167E /* Resources.h */ = {isa = PBXFileReference; lastKnownFileType = sourcecode.c.h; name = Resources.h; path = ../include/Resources.h; sourceTree = "<group>"; };
		26DE878B58B74A4499AEDFF0 /* OscSender.h */ = {isa = PBXFileReference; lastKnownFileType = sourcecode.c.h; name = OscSender.h; path = ../../cinder_0.8.6_mac/blocks/OSC/src/OscSender.h; sourceTree = "<group>"; };
		29B97324FDCFA39411CA2CEA /* AppKit.framework */ = {isa = PBXFileReference; lastKnownFileType = wrapper.framework; name = AppKit.framework; path = /System/Library/Frameworks/AppKit.framework; sourceTree = "<absolute>"; };
		29B97325FDCFA39411CA2CEA /* Foundation.framework */ = {isa = PBXFileReference; lastKnownFileType = wrapper.framework; name = Foundation.framework; path = /System/Library/Frameworks/Foundation.framework; sourceTree = "<absolute>"; };
		2B456D1DD3EA48E8BC3EE469 /* TuioClient.h */ = {isa = PBXFileReference; lastKnownFileType = sourcecode.c.h; name = TuioClient.h; path = ../../cinder_0.8.6_mac/blocks/TUIO/include/TuioClient.h; sourceTree = "<group>"; };
		31A34D79855A4EC2A699A423 /* TimerListener.h */ = {isa = PBXFileReference; lastKnownFileType = sourcecode.c.h; name = TimerListener.h; path = ../../cinder_0.8.6_mac/blocks/OSC/src/ip/TimerListener.h; sourceTree = "<group>"; };
		37F1BDB462F6440E93AA65E7 /* TuioObject.h */ = {isa = PBXFileReference; lastKnownFileType = sourcecode.c.h; name = TuioObject.h; path = ../../cinder_0.8.6_mac/blocks/TUIO/include/TuioObject.h; sourceTree = "<group>"; };
		3A47A1C333894C09AD1DBEC9 /* NetworkingUtils.h */ = {isa = PBXFileReference; lastKnownFileType = sourcecode.c.h; name = NetworkingUtils.h; path = ../../cinder_0.8.6_mac/blocks/OSC/src/ip/NetworkingUtils.h; sourceTree = "<group>"; };
		3F110209129244BFBE8C8A6E /* NetworkingUtils.cpp */ = {isa = PBXFileReference; lastKnownFileType = sourcecode.c.cpp; name = NetworkingUtils.cpp; path = ../../cinder_0.8.6_mac/blocks/OSC/src/ip/posix/NetworkingUtils.cpp; sourceTree = "<group>"; };
		422D03DAFEC1416AA610C47B /* OscMessage.h */ = {isa = PBXFileReference; lastKnownFileType = sourcecode.c.h; name = OscMessage.h; path = ../../cinder_0.8.6_mac/blocks/OSC/src/OscMessage.h; sourceTree = "<group>"; };
		4364272BEA874B60A9E34DA7 /* OscPrintReceivedElements.cpp */ = {isa = PBXFileReference; lastKnownFileType = sourcecode.c.cpp; name = OscPrintReceivedElements.cpp; path = ../../cinder_0.8.6_mac/blocks/OSC/src/osc/OscPrintReceivedElements.cpp; sourceTree = "<group>"; };
		4537D4FF042A4F389CDC69BE /* OscTypes.cpp */ = {isa = PBXFileReference; lastKnownFileType = sourcecode.c.cpp; name = OscTypes.cpp; path = ../../cinder_0.8.6_mac/blocks/OSC/src/osc/OscTypes.cpp; sourceTree = "<group>"; };
		50553900A20A4D7B8661F258 /* OscPacketListener.h */ = {isa = PBXFileReference; lastKnownFileType = sourcecode.c.h; name = OscPacketListener.h; path = ../../cinder_0.8.6_mac/blocks/OSC/src/osc/OscPacketListener.h; sourceTree = "<group>"; };
		5323E6B10EAFCA74003A9687 /* CoreVideo.framework */ = {isa = PBXFileReference; lastKnownFileType = wrapper.framework; name = CoreVideo.framework; path = /System/Library/Frameworks/CoreVideo.framework; sourceTree = "<absolute>"; };
		5323E6B50EAFCA7E003A9687 /* QTKit.framework */ = {isa = PBXFileReference; lastKnownFileType = wrapper.framework; name = QTKit.framework; path = /System/Library/Frameworks/QTKit.framework; sourceTree = "<absolute>"; };
		54DE67D6535647F1BFDBA607 /* OscException.h */ = {isa = PBXFileReference; lastKnownFileType = sourcecode.c.h; name = OscException.h; path = ../../cinder_0.8.6_mac/blocks/OSC/src/osc/OscException.h; sourceTree = "<group>"; };
		598C446E65324B5593519A3F /* PacketListener.h */ = {isa = PBXFileReference; lastKnownFileType = sourcecode.c.h; name = PacketListener.h; path = ../../cinder_0.8.6_mac/blocks/OSC/src/ip/PacketListener.h; sourceTree = "<group>"; };
		6B04052C84A54727956C4F26 /* OscBundle.cpp */ = {isa = PBXFileReference; lastKnownFileType = sourcecode.c.cpp; name = OscBundle.cpp; path = ../../cinder_0.8.6_mac/blocks/OSC/src/OscBundle.cpp; sourceTree = "<group>"; };
		722729B2F5324EFAB0BDD33C /* TuioClient.cpp */ = {isa = PBXFileReference; lastKnownFileType = sourcecode.c.cpp; name = TuioClient.cpp; path = ../../cinder_0.8.6_mac/blocks/TUIO/src/TuioClient.cpp; sourceTree = "<group>"; };
		7E0379F9633446C69C01FF1C /* OscMessage.cpp */ = {isa = PBXFileReference; lastKnownFileType = sourcecode.c.cpp; name = OscMessage.cpp; path = ../../cinder_0.8.6_mac/blocks/OSC/src/OscMessage.cpp; sourceTree = "<group>"; };
		7F3B51198B624CEE890E948F /* SimilarToolApp.cpp */ = {isa = PBXFileReference; lastKnownFileType = sourcecode.cpp.cpp; name = SimilarToolApp.cpp; path = ../src/SimilarToolApp.cpp; sourceTree = "<group>"; };
		8D1107320486CEB800E47090 /* SimilarTool.app */ = {isa = PBXFileReference; explicitFileType = wrapper.application; includeInIndex = 0; path = SimilarTool.app; sourceTree = BUILT_PRODUCTS_DIR; };
		9646D3071B1744009C6B26E9 /* IpEndpointName.h */ = {isa = PBXFileReference; lastKnownFileType = sourcecode.c.h; name = IpEndpointName.h; path = ../../cinder_0.8.6_mac/blocks/OSC/src/ip/IpEndpointName.h; sourceTree = "<group>"; };
		99BF13A11DD0423A8EB3B705 /* OscReceivedElements.cpp */ = {isa = PBXFileReference; lastKnownFileType = sourcecode.c.cpp; name = OscReceivedElements.cpp; path = ../../cinder_0.8.6_mac/blocks/OSC/src/osc/OscReceivedElements.cpp; sourceTree = "<group>"; };
		A32DB9CC19E6CE6F00F25454 /* Model.h */ = {isa = PBXFileReference; lastKnownFileType = sourcecode.c.h; name = Model.h; path = ../include/Model.h; sourceTree = "<group>"; };
		A32DB9CD19E6D8FA00F25454 /* Logger.h */ = {isa = PBXFileReference; fileEncoding = 4; lastKnownFileType = sourcecode.c.h; name = Logger.h; path = ../include/Logger.h; sourceTree = "<group>"; };
		A32F18B119E54FFE009AD37F /* SimilarToolApp.h */ = {isa = PBXFileReference; lastKnownFileType = sourcecode.c.h; name = SimilarToolApp.h; path = ../include/SimilarToolApp.h; sourceTree = "<group>"; };
		A32F18B219E55A5E009AD37F /* Trace.h */ = {isa = PBXFileReference; lastKnownFileType = sourcecode.c.h; name = Trace.h; path = ../include/Trace.h; sourceTree = "<group>"; };
		A32F18B319E55BBF009AD37F /* Trace.cpp */ = {isa = PBXFileReference; fileEncoding = 4; lastKnownFileType = sourcecode.cpp.cpp; name = Trace.cpp; path = ../src/Trace.cpp; sourceTree = "<group>"; };
		A32F18B519E58537009AD37F /* PlayerWidget.h */ = {isa = PBXFileReference; lastKnownFileType = sourcecode.c.h; name = PlayerWidget.h; path = ../include/PlayerWidget.h; sourceTree = "<group>"; };
		A32F18B619E58567009AD37F /* PlayerWidget.cpp */ = {isa = PBXFileReference; fileEncoding = 4; lastKnownFileType = sourcecode.cpp.cpp; name = PlayerWidget.cpp; path = ../src/PlayerWidget.cpp; sourceTree = "<group>"; };
		A32F18B819E585B8009AD37F /* Widget.h */ = {isa = PBXFileReference; lastKnownFileType = sourcecode.c.h; name = Widget.h; path = ../include/Widget.h; sourceTree = "<group>"; };
		A32F18B919E5878F009AD37F /* Widget.cpp */ = {isa = PBXFileReference; fileEncoding = 4; lastKnownFileType = sourcecode.cpp.cpp; name = Widget.cpp; path = ../src/Widget.cpp; sourceTree = "<group>"; };
		B1C4BDB7810A4A4BAB990FFC /* TuioProfileBase.h */ = {isa = PBXFileReference; lastKnownFileType = sourcecode.c.h; name = TuioProfileBase.h; path = ../../cinder_0.8.6_mac/blocks/TUIO/include/TuioProfileBase.h; sourceTree = "<group>"; };
		BB78B7D471704E898C1D08DC /* SimilarTool_Prefix.pch */ = {isa = PBXFileReference; lastKnownFileType = "\"\""; path = SimilarTool_Prefix.pch; sourceTree = "<group>"; };
		BD9D0908C77844EBA41B3CFD /* UdpSocket.h */ = {isa = PBXFileReference; lastKnownFileType = sourcecode.c.h; name = UdpSocket.h; path = ../../cinder_0.8.6_mac/blocks/OSC/src/ip/UdpSocket.h; sourceTree = "<group>"; };
		C542C5E724F249B2A8C02ED1 /* Info.plist */ = {isa = PBXFileReference; lastKnownFileType = text.plist.xml; path = Info.plist; sourceTree = "<group>"; };
		D043BEFC2B2149FE9E1BD80E /* OscBundle.h */ = {isa = PBXFileReference; lastKnownFileType = sourcecode.c.h; name = OscBundle.h; path = ../../cinder_0.8.6_mac/blocks/OSC/src/OscBundle.h; sourceTree = "<group>"; };
		D50A47913CDE42A69EB42C65 /* OscListener.h */ = {isa = PBXFileReference; lastKnownFileType = sourcecode.c.h; name = OscListener.h; path = ../../cinder_0.8.6_mac/blocks/OSC/src/OscListener.h; sourceTree = "<group>"; };
		D6E7BFEFCE08466EB04F88A0 /* IpEndpointName.cpp */ = {isa = PBXFileReference; lastKnownFileType = sourcecode.c.cpp; name = IpEndpointName.cpp; path = ../../cinder_0.8.6_mac/blocks/OSC/src/ip/IpEndpointName.cpp; sourceTree = "<group>"; };
		D77B540E165D4C6E843B84CC /* MessageMappingOscPacketListener.h */ = {isa = PBXFileReference; lastKnownFileType = sourcecode.c.h; name = MessageMappingOscPacketListener.h; path = ../../cinder_0.8.6_mac/blocks/OSC/src/osc/MessageMappingOscPacketListener.h; sourceTree = "<group>"; };
		D7AB75C3C4F84E9E81C6F6C9 /* OscTypes.h */ = {isa = PBXFileReference; lastKnownFileType = sourcecode.c.h; name = OscTypes.h; path = ../../cinder_0.8.6_mac/blocks/OSC/src/osc/OscTypes.h; sourceTree = "<group>"; };
		D88FD1AFF09D43F3B27B3691 /* OscOutboundPacketStream.cpp */ = {isa = PBXFileReference; lastKnownFileType = sourcecode.c.cpp; name = OscOutboundPacketStream.cpp; path = ../../cinder_0.8.6_mac/blocks/OSC/src/osc/OscOutboundPacketStream.cpp; sourceTree = "<group>"; };
		DB0100B7352541309E63FD14 /* OscPrintReceivedElements.h */ = {isa = PBXFileReference; lastKnownFileType = sourcecode.c.h; name = OscPrintReceivedElements.h; path = ../../cinder_0.8.6_mac/blocks/OSC/src/osc/OscPrintReceivedElements.h; sourceTree = "<group>"; };
		DD333F026163481C99DD6593 /* OscReceivedElements.h */ = {isa = PBXFileReference; lastKnownFileType = sourcecode.c.h; name = OscReceivedElements.h; path = ../../cinder_0.8.6_mac/blocks/OSC/src/osc/OscReceivedElements.h; sourceTree = "<group>"; };
		DDC942AC350847B89C26104D /* OscHostEndianness.h */ = {isa = PBXFileReference; lastKnownFileType = sourcecode.c.h; name = OscHostEndianness.h; path = ../../cinder_0.8.6_mac/blocks/OSC/src/osc/OscHostEndianness.h; sourceTree = "<group>"; };
		DE76507E4CD743C4A02FD645 /* CinderApp.icns */ = {isa = PBXFileReference; lastKnownFileType = image.icns; name = CinderApp.icns; path = ../resources/CinderApp.icns; sourceTree = "<group>"; };
		E2813DF1A3FB45478909E26A /* OscArg.h */ = {isa = PBXFileReference; lastKnownFileType = sourcecode.c.h; name = OscArg.h; path = ../../cinder_0.8.6_mac/blocks/OSC/src/OscArg.h; sourceTree = "<group>"; };
		F4BA76E779E042AB85E93A93 /* OscListener.cpp */ = {isa = PBXFileReference; lastKnownFileType = sourcecode.c.cpp; name = OscListener.cpp; path = ../../cinder_0.8.6_mac/blocks/OSC/src/OscListener.cpp; sourceTree = "<group>"; };
		F9228EFB8BBC4007B57BBC8A /* TuioCursor.h */ = {isa = PBXFileReference; lastKnownFileType = sourcecode.c.h; name = TuioCursor.h; path = ../../cinder_0.8.6_mac/blocks/TUIO/include/TuioCursor.h; sourceTree = "<group>"; };
/* End PBXFileReference section */

/* Begin PBXFrameworksBuildPhase section */
		8D11072E0486CEB800E47090 /* Frameworks */ = {
			isa = PBXFrameworksBuildPhase;
			buildActionMask = 2147483647;
			files = (
				8D11072F0486CEB800E47090 /* Cocoa.framework in Frameworks */,
				0091D8F90E81B9330029341E /* OpenGL.framework in Frameworks */,
				5323E6B20EAFCA74003A9687 /* CoreVideo.framework in Frameworks */,
				5323E6B60EAFCA7E003A9687 /* QTKit.framework in Frameworks */,
				00B784B30FF439BC000DE1D7 /* Accelerate.framework in Frameworks */,
				00B784B40FF439BC000DE1D7 /* AudioToolbox.framework in Frameworks */,
				00B784B50FF439BC000DE1D7 /* AudioUnit.framework in Frameworks */,
				00B784B60FF439BC000DE1D7 /* CoreAudio.framework in Frameworks */,
			);
			runOnlyForDeploymentPostprocessing = 0;
		};
/* End PBXFrameworksBuildPhase section */

/* Begin PBXGroup section */
		01B97315FEAEA392516A2CEA /* Blocks */ = {
			isa = PBXGroup;
			children = (
				09D4E0055BF445D497B56C3F /* OSC */,
				7D0E48BDDFFB498795FDC1E2 /* TUIO */,
			);
			name = Blocks;
			sourceTree = "<group>";
		};
		039AC2AC3C3A4A3AB356536C /* include */ = {
			isa = PBXGroup;
			children = (
				2B456D1DD3EA48E8BC3EE469 /* TuioClient.h */,
				F9228EFB8BBC4007B57BBC8A /* TuioCursor.h */,
				37F1BDB462F6440E93AA65E7 /* TuioObject.h */,
				B1C4BDB7810A4A4BAB990FFC /* TuioProfileBase.h */,
			);
			name = include;
			sourceTree = "<group>";
		};
		080E96DDFE201D6D7F000001 /* Source */ = {
			isa = PBXGroup;
			children = (
				7F3B51198B624CEE890E948F /* SimilarToolApp.cpp */,
				A32F18B319E55BBF009AD37F /* Trace.cpp */,
				A32F18B619E58567009AD37F /* PlayerWidget.cpp */,
				A32F18B919E5878F009AD37F /* Widget.cpp */,
			);
			name = Source;
			sourceTree = "<group>";
		};
		09D4E0055BF445D497B56C3F /* OSC */ = {
			isa = PBXGroup;
			children = (
				39FCF4A0CC054A5DB3511C86 /* src */,
			);
			name = OSC;
			sourceTree = "<group>";
		};
		1058C7A0FEA54F0111CA2CBB /* Linked Frameworks */ = {
			isa = PBXGroup;
			children = (
				00B784AF0FF439BC000DE1D7 /* Accelerate.framework */,
				00B784B00FF439BC000DE1D7 /* AudioToolbox.framework */,
				00B784B10FF439BC000DE1D7 /* AudioUnit.framework */,
				00B784B20FF439BC000DE1D7 /* CoreAudio.framework */,
				5323E6B50EAFCA7E003A9687 /* QTKit.framework */,
				5323E6B10EAFCA74003A9687 /* CoreVideo.framework */,
				0091D8F80E81B9330029341E /* OpenGL.framework */,
				1058C7A1FEA54F0111CA2CBB /* Cocoa.framework */,
			);
			name = "Linked Frameworks";
			sourceTree = "<group>";
		};
		1058C7A2FEA54F0111CA2CBB /* Other Frameworks */ = {
			isa = PBXGroup;
			children = (
				29B97324FDCFA39411CA2CEA /* AppKit.framework */,
				29B97325FDCFA39411CA2CEA /* Foundation.framework */,
			);
			name = "Other Frameworks";
			sourceTree = "<group>";
		};
		19C28FACFE9D520D11CA2CBB /* Products */ = {
			isa = PBXGroup;
			children = (
				8D1107320486CEB800E47090 /* SimilarTool.app */,
			);
			name = Products;
			sourceTree = "<group>";
		};
		29B97314FDCFA39411CA2CEA /* SimilarTool */ = {
			isa = PBXGroup;
			children = (
				01B97315FEAEA392516A2CEA /* Blocks */,
				29B97315FDCFA39411CA2CEA /* Headers */,
				080E96DDFE201D6D7F000001 /* Source */,
				29B97317FDCFA39411CA2CEA /* Resources */,
				29B97323FDCFA39411CA2CEA /* Frameworks */,
				19C28FACFE9D520D11CA2CBB /* Products */,
			);
			name = SimilarTool;
			sourceTree = "<group>";
		};
		29B97315FDCFA39411CA2CEA /* Headers */ = {
			isa = PBXGroup;
			children = (
				A32DB9CD19E6D8FA00F25454 /* Logger.h */,
				22A41E30D62843CD9C12167E /* Resources.h */,
				BB78B7D471704E898C1D08DC /* SimilarTool_Prefix.pch */,
				A32F18B119E54FFE009AD37F /* SimilarToolApp.h */,
				A32F18B219E55A5E009AD37F /* Trace.h */,
				A32F18B519E58537009AD37F /* PlayerWidget.h */,
				A32F18B819E585B8009AD37F /* Widget.h */,
				A32DB9CC19E6CE6F00F25454 /* Model.h */,
			);
			name = Headers;
			sourceTree = "<group>";
		};
		29B97317FDCFA39411CA2CEA /* Resources */ = {
			isa = PBXGroup;
			children = (
				DE76507E4CD743C4A02FD645 /* CinderApp.icns */,
				C542C5E724F249B2A8C02ED1 /* Info.plist */,
			);
			name = Resources;
			sourceTree = "<group>";
		};
		29B97323FDCFA39411CA2CEA /* Frameworks */ = {
			isa = PBXGroup;
			children = (
				1058C7A0FEA54F0111CA2CBB /* Linked Frameworks */,
				1058C7A2FEA54F0111CA2CBB /* Other Frameworks */,
			);
			name = Frameworks;
			sourceTree = "<group>";
		};
		39FCF4A0CC054A5DB3511C86 /* src */ = {
			isa = PBXGroup;
			children = (
				6B04052C84A54727956C4F26 /* OscBundle.cpp */,
				F4BA76E779E042AB85E93A93 /* OscListener.cpp */,
				7E0379F9633446C69C01FF1C /* OscMessage.cpp */,
				02F0F242B6904E4EBC9B91FC /* OscSender.cpp */,
				C7F0EC6BC7844B3484369D28 /* ip */,
				70BE3E59406D49A29AA11128 /* osc */,
				E2813DF1A3FB45478909E26A /* OscArg.h */,
				D043BEFC2B2149FE9E1BD80E /* OscBundle.h */,
				D50A47913CDE42A69EB42C65 /* OscListener.h */,
				422D03DAFEC1416AA610C47B /* OscMessage.h */,
				26DE878B58B74A4499AEDFF0 /* OscSender.h */,
			);
			name = src;
			sourceTree = "<group>";
		};
		70BE3E59406D49A29AA11128 /* osc */ = {
			isa = PBXGroup;
			children = (
				D88FD1AFF09D43F3B27B3691 /* OscOutboundPacketStream.cpp */,
				4364272BEA874B60A9E34DA7 /* OscPrintReceivedElements.cpp */,
				99BF13A11DD0423A8EB3B705 /* OscReceivedElements.cpp */,
				4537D4FF042A4F389CDC69BE /* OscTypes.cpp */,
				D77B540E165D4C6E843B84CC /* MessageMappingOscPacketListener.h */,
				54DE67D6535647F1BFDBA607 /* OscException.h */,
				DDC942AC350847B89C26104D /* OscHostEndianness.h */,
				0FDEEA7960464D0F98CC5309 /* OscOutboundPacketStream.h */,
				50553900A20A4D7B8661F258 /* OscPacketListener.h */,
				DB0100B7352541309E63FD14 /* OscPrintReceivedElements.h */,
				DD333F026163481C99DD6593 /* OscReceivedElements.h */,
				D7AB75C3C4F84E9E81C6F6C9 /* OscTypes.h */,
			);
			name = osc;
			sourceTree = "<group>";
		};
		7D0E48BDDFFB498795FDC1E2 /* TUIO */ = {
			isa = PBXGroup;
			children = (
				FC01787255F34939B1FDDC2A /* src */,
				039AC2AC3C3A4A3AB356536C /* include */,
			);
			name = TUIO;
			sourceTree = "<group>";
		};
		C7F0EC6BC7844B3484369D28 /* ip */ = {
			isa = PBXGroup;
			children = (
				D6E7BFEFCE08466EB04F88A0 /* IpEndpointName.cpp */,
				9646D3071B1744009C6B26E9 /* IpEndpointName.h */,
				3A47A1C333894C09AD1DBEC9 /* NetworkingUtils.h */,
				598C446E65324B5593519A3F /* PacketListener.h */,
				31A34D79855A4EC2A699A423 /* TimerListener.h */,
				BD9D0908C77844EBA41B3CFD /* UdpSocket.h */,
				F8AE09F333524ECA8805717D /* posix */,
			);
			name = ip;
			sourceTree = "<group>";
		};
		F8AE09F333524ECA8805717D /* posix */ = {
			isa = PBXGroup;
			children = (
				3F110209129244BFBE8C8A6E /* NetworkingUtils.cpp */,
				01E004F3808B41CE98864D4D /* UdpSocket.cpp */,
			);
			name = posix;
			sourceTree = "<group>";
		};
		FC01787255F34939B1FDDC2A /* src */ = {
			isa = PBXGroup;
			children = (
				722729B2F5324EFAB0BDD33C /* TuioClient.cpp */,
			);
			name = src;
			sourceTree = "<group>";
		};
/* End PBXGroup section */

/* Begin PBXNativeTarget section */
		8D1107260486CEB800E47090 /* SimilarTool */ = {
			isa = PBXNativeTarget;
			buildConfigurationList = C01FCF4A08A954540054247B /* Build configuration list for PBXNativeTarget "SimilarTool" */;
			buildPhases = (
				8D1107290486CEB800E47090 /* Resources */,
				8D11072C0486CEB800E47090 /* Sources */,
				8D11072E0486CEB800E47090 /* Frameworks */,
			);
			buildRules = (
			);
			dependencies = (
			);
			name = SimilarTool;
			productInstallPath = "$(HOME)/Applications";
			productName = SimilarTool;
			productReference = 8D1107320486CEB800E47090 /* SimilarTool.app */;
			productType = "com.apple.product-type.application";
		};
/* End PBXNativeTarget section */

/* Begin PBXProject section */
		29B97313FDCFA39411CA2CEA /* Project object */ = {
			isa = PBXProject;
			attributes = {
				LastUpgradeCheck = 0600;
			};
			buildConfigurationList = C01FCF4E08A954540054247B /* Build configuration list for PBXProject "SimilarTool" */;
			compatibilityVersion = "Xcode 3.2";
			developmentRegion = English;
			hasScannedForEncodings = 1;
			knownRegions = (
				English,
				Japanese,
				French,
				German,
			);
			mainGroup = 29B97314FDCFA39411CA2CEA /* SimilarTool */;
			projectDirPath = "";
			projectRoot = "";
			targets = (
				8D1107260486CEB800E47090 /* SimilarTool */,
			);
		};
/* End PBXProject section */

/* Begin PBXResourcesBuildPhase section */
		8D1107290486CEB800E47090 /* Resources */ = {
			isa = PBXResourcesBuildPhase;
			buildActionMask = 2147483647;
			files = (
				3A0CFBDA084A4EAE825F89EB /* CinderApp.icns in Resources */,
			);
			runOnlyForDeploymentPostprocessing = 0;
		};
/* End PBXResourcesBuildPhase section */

/* Begin PBXSourcesBuildPhase section */
		8D11072C0486CEB800E47090 /* Sources */ = {
			isa = PBXSourcesBuildPhase;
			buildActionMask = 2147483647;
			files = (
				DA2049EBCAC44B1F93DEE30E /* SimilarToolApp.cpp in Sources */,
				A15A254CD5C14D8990958BFB /* OscBundle.cpp in Sources */,
				7B37DDAC4E2E468F99A87073 /* OscListener.cpp in Sources */,
				A32F18B719E58567009AD37F /* PlayerWidget.cpp in Sources */,
				26EB9E01E9674842A831CDF6 /* OscMessage.cpp in Sources */,
				D1A9396508F34860A1EFC33C /* OscSender.cpp in Sources */,
				5827D12B1EB044EDA3C3DB5F /* IpEndpointName.cpp in Sources */,
				60B85E06229B4B4AAF8844A2 /* OscOutboundPacketStream.cpp in Sources */,
				C014D1DA10FC45E2B427F9FC /* OscPrintReceivedElements.cpp in Sources */,
				B28B79173ABE4811936A996C /* OscReceivedElements.cpp in Sources */,
				DB5290AFB94C4F159E5AE849 /* OscTypes.cpp in Sources */,
				3AA7CEE0A7994DACA362086E /* NetworkingUtils.cpp in Sources */,
				A32F18B419E55BBF009AD37F /* Trace.cpp in Sources */,
				81821072EBC446449EA1C0B8 /* UdpSocket.cpp in Sources */,
				59139A89892B4B6E9E2FFD9D /* TuioClient.cpp in Sources */,
				A32F18BA19E5878F009AD37F /* Widget.cpp in Sources */,
			);
			runOnlyForDeploymentPostprocessing = 0;
		};
/* End PBXSourcesBuildPhase section */

/* Begin XCBuildConfiguration section */
		C01FCF4B08A954540054247B /* Debug */ = {
			isa = XCBuildConfiguration;
			buildSettings = {
				ARCHS = "$(ARCHS_STANDARD_32_64_BIT)";
				CLANG_CXX_LANGUAGE_STANDARD = "c++0x";
				COMBINE_HIDPI_IMAGES = YES;
				COPY_PHASE_STRIP = NO;
				DEAD_CODE_STRIPPING = YES;
				GCC_DYNAMIC_NO_PIC = NO;
				GCC_INLINES_ARE_PRIVATE_EXTERN = YES;
				GCC_OPTIMIZATION_LEVEL = 0;
				GCC_PRECOMPILE_PREFIX_HEADER = YES;
				GCC_PREFIX_HEADER = SimilarTool_Prefix.pch;
				GCC_PREPROCESSOR_DEFINITIONS = (
					"DEBUG=1",
					"$(inherited)",
				);
				GCC_SYMBOLS_PRIVATE_EXTERN = NO;
				INFOPLIST_FILE = Info.plist;
				INSTALL_PATH = "$(HOME)/Applications";
				OTHER_LDFLAGS = "\"$(CINDER_PATH)/lib/libcinder_d.a\"";
				PRODUCT_NAME = SimilarTool;
				SYMROOT = ./build;
				WRAPPER_EXTENSION = app;
			};
			name = Debug;
		};
		C01FCF4C08A954540054247B /* Release */ = {
			isa = XCBuildConfiguration;
			buildSettings = {
				ARCHS = "$(ARCHS_STANDARD_32_64_BIT)";
				CLANG_CXX_LANGUAGE_STANDARD = "c++0x";
				COMBINE_HIDPI_IMAGES = YES;
				DEAD_CODE_STRIPPING = YES;
				DEBUG_INFORMATION_FORMAT = "dwarf-with-dsym";
				GCC_FAST_MATH = YES;
				GCC_GENERATE_DEBUGGING_SYMBOLS = NO;
				GCC_INLINES_ARE_PRIVATE_EXTERN = YES;
				GCC_OPTIMIZATION_LEVEL = 3;
				GCC_PRECOMPILE_PREFIX_HEADER = YES;
				GCC_PREFIX_HEADER = SimilarTool_Prefix.pch;
				GCC_PREPROCESSOR_DEFINITIONS = (
					"NDEBUG=1",
					"$(inherited)",
				);
				GCC_SYMBOLS_PRIVATE_EXTERN = NO;
				INFOPLIST_FILE = Info.plist;
				INSTALL_PATH = "$(HOME)/Applications";
				OTHER_LDFLAGS = "\"$(CINDER_PATH)/lib/libcinder.a\"";
				PRODUCT_NAME = SimilarTool;
				STRIP_INSTALLED_PRODUCT = YES;
				SYMROOT = ./build;
				WRAPPER_EXTENSION = app;
			};
			name = Release;
		};
		C01FCF4F08A954540054247B /* Debug */ = {
			isa = XCBuildConfiguration;
			buildSettings = {
				ALWAYS_SEARCH_USER_PATHS = NO;
				CINDER_PATH = ../../cinder_0.8.6_mac;
				CLANG_CXX_LANGUAGE_STANDARD = "c++0x";
				CLANG_CXX_LIBRARY = "libc++";
				GCC_WARN_ABOUT_RETURN_TYPE = YES;
				GCC_WARN_UNUSED_VARIABLE = YES;
				HEADER_SEARCH_PATHS = "\"$(CINDER_PATH)/boost\"";
				MACOSX_DEPLOYMENT_TARGET = 10.7;
				ONLY_ACTIVE_ARCH = YES;
				SDKROOT = macosx;
				USER_HEADER_SEARCH_PATHS = "\"$(CINDER_PATH)/include\" ../include ../../cinder_0.8.6_mac/blocks/OSC/src ../../cinder_0.8.6_mac/blocks/TUIO/include";
			};
			name = Debug;
		};
		C01FCF5008A954540054247B /* Release */ = {
			isa = XCBuildConfiguration;
			buildSettings = {
				ALWAYS_SEARCH_USER_PATHS = NO;
				CINDER_PATH = ../../cinder_0.8.6_mac;
				CLANG_CXX_LANGUAGE_STANDARD = "c++0x";
				CLANG_CXX_LIBRARY = "libc++";
				GCC_WARN_ABOUT_RETURN_TYPE = YES;
				GCC_WARN_UNUSED_VARIABLE = YES;
				HEADER_SEARCH_PATHS = "\"$(CINDER_PATH)/boost\"";
				MACOSX_DEPLOYMENT_TARGET = 10.7;
				SDKROOT = macosx;
				USER_HEADER_SEARCH_PATHS = "\"$(CINDER_PATH)/include\" ../include ../../cinder_0.8.6_mac/blocks/OSC/src ../../cinder_0.8.6_mac/blocks/TUIO/include";
			};
			name = Release;
		};
/* End XCBuildConfiguration section */

/* Begin XCConfigurationList section */
		C01FCF4A08A954540054247B /* Build configuration list for PBXNativeTarget "SimilarTool" */ = {
			isa = XCConfigurationList;
			buildConfigurations = (
				C01FCF4B08A954540054247B /* Debug */,
				C01FCF4C08A954540054247B /* Release */,
			);
			defaultConfigurationIsVisible = 0;
			defaultConfigurationName = Release;
		};
		C01FCF4E08A954540054247B /* Build configuration list for PBXProject "SimilarTool" */ = {
			isa = XCConfigurationList;
			buildConfigurations = (
				C01FCF4F08A954540054247B /* Debug */,
				C01FCF5008A954540054247B /* Release */,
			);
			defaultConfigurationIsVisible = 0;
			defaultConfigurationName = Release;
		};
/* End XCConfigurationList section */
	};
	rootObject = 29B97313FDCFA39411CA2CEA /* Project object */;
}
